
Microsoft Visual Studio Solution File, Format Version 12.00
# Visual Studio Version 16
VisualStudioVersion = 16.0.31829.152
MinimumVisualStudioVersion = 10.0.40219.1
Project("{9A19103F-16F7-4668-BE54-9A1E7A4F7556}") = "CRM365.BackEndFunctions", "CRM365.BackEndFunctions\CRM365.BackEndFunctions.csproj", "{8DC24FDD-7D0B-4A11-8BC4-36F8AE9556F0}"
EndProject
Global
	GlobalSection(SolutionConfigurationPlatforms) = preSolution
		Debug|Any CPU = Debug|Any CPU
		Release|Any CPU = Release|Any CPU
	EndGlobalSection
	GlobalSection(ProjectConfigurationPlatforms) = postSolution
		{8DC24FDD-7D0B-4A11-8BC4-36F8AE9556F0}.Debug|Any CPU.ActiveCfg = Debug|Any CPU
		{8DC24FDD-7D0B-4A11-8BC4-36F8AE9556F0}.Debug|Any CPU.Build.0 = Debug|Any CPU
		{8DC24FDD-7D0B-4A11-8BC4-36F8AE9556F0}.Release|Any CPU.ActiveCfg = Release|Any CPU
		{8DC24FDD-7D0B-4A11-8BC4-36F8AE9556F0}.Release|Any CPU.Build.0 = Release|Any CPU
	EndGlobalSection
	GlobalSection(SolutionProperties) = preSolution
		HideSolutionNode = FALSE
	EndGlobalSection
	GlobalSection(ExtensibilityGlobals) = postSolution
		SolutionGuid = {5F8B6D34-2256-4D09-9B6F-ADBDD5C04755}
	EndGlobalSection
EndGlobal
